
Microsoft Visual Studio Solution File, Format Version 12.00
# Visual Studio Version 16
VisualStudioVersion = 16.0.33130.400
MinimumVisualStudioVersion = 10.0.40219.1
Project("{FAE04EC0-301F-11D3-BF4B-00C04F79EFBC}") = "6semprojectfruits", "6semprojectfruits.csproj", "{0AB39C3A-085B-457F-BCAB-DC5EA13B4F8A}"
EndProject
Global
	GlobalSection(SolutionConfigurationPlatforms) = preSolution
		Debug|Any CPU = Debug|Any CPU
		Release|Any CPU = Release|Any CPU
	EndGlobalSection
	GlobalSection(ProjectConfigurationPlatforms) = postSolution
		{0AB39C3A-085B-457F-BCAB-DC5EA13B4F8A}.Debug|Any CPU.ActiveCfg = Debug|Any CPU
		{0AB39C3A-085B-457F-BCAB-DC5EA13B4F8A}.Debug|Any CPU.Build.0 = Debug|Any CPU
		{0AB39C3A-085B-457F-BCAB-DC5EA13B4F8A}.Release|Any CPU.ActiveCfg = Release|Any CPU
		{0AB39C3A-085B-457F-BCAB-DC5EA13B4F8A}.Release|Any CPU.Build.0 = Release|Any CPU
	EndGlobalSection
	GlobalSection(SolutionProperties) = preSolution
		HideSolutionNode = FALSE
	EndGlobalSection
	GlobalSection(ExtensibilityGlobals) = postSolution
		SolutionGuid = {3F58C10B-0BAD-4822-928F-1918A501C42F}
	EndGlobalSection
EndGlobal
